
Microsoft Visual Studio Solution File, Format Version 12.00
# Visual Studio Version 16
VisualStudioVersion = 16.0.29201.188
MinimumVisualStudioVersion = 10.0.40219.1
Project("{FAE04EC0-301F-11D3-BF4B-00C04F79EFBC}") = "klogs", "klogs\klogs.csproj", "{0CF0F9AC-0847-41F5-B8D1-9145231ED82D}"
EndProject
Global
	GlobalSection(SolutionConfigurationPlatforms) = preSolution
		Debug|Any CPU = Debug|Any CPU
		Release|Any CPU = Release|Any CPU
	EndGlobalSection
	GlobalSection(ProjectConfigurationPlatforms) = postSolution
		{0CF0F9AC-0847-41F5-B8D1-9145231ED82D}.Debug|Any CPU.ActiveCfg = Debug|Any CPU
		{0CF0F9AC-0847-41F5-B8D1-9145231ED82D}.Debug|Any CPU.Build.0 = Debug|Any CPU
		{0CF0F9AC-0847-41F5-B8D1-9145231ED82D}.Release|Any CPU.ActiveCfg = Release|Any CPU
		{0CF0F9AC-0847-41F5-B8D1-9145231ED82D}.Release|Any CPU.Build.0 = Release|Any CPU
	EndGlobalSection
	GlobalSection(SolutionProperties) = preSolution
		HideSolutionNode = FALSE
	EndGlobalSection
	GlobalSection(ExtensibilityGlobals) = postSolution
		SolutionGuid = {6036A946-662F-4CD3-BF5F-B451418964E0}
	EndGlobalSection
EndGlobal
